// !$*UTF8*$!
{
	archiveVersion = 1;
	classes = {
	};
	objectVersion = 77;
	objects = {

/* Begin PBXBuildFile section */
		528138732E9AE8A200665E77 /* SwiftSoup in Frameworks */ = {isa = PBXBuildFile; productRef = 528138722E9AE8A200665E77 /* SwiftSoup */; };
		52D8DF682E747F16006CCD4D /* Formula1-Display-Regular.ttf in Resources */ = {isa = PBXBuildFile; fileRef = 52D8DF672E747F16006CCD4D /* Formula1-Display-Regular.ttf */; };
		52D8DF6A2E786552006CCD4D /* Formula1-Display-Bold.ttf in Resources */ = {isa = PBXBuildFile; fileRef = 52D8DF692E786552006CCD4D /* Formula1-Display-Bold.ttf */; };
		52D8DF6C2E78658F006CCD4D /* Formula1-Display-Wide.ttf in Resources */ = {isa = PBXBuildFile; fileRef = 52D8DF6B2E78658F006CCD4D /* Formula1-Display-Wide.ttf */; };
/* End PBXBuildFile section */

/* Begin PBXContainerItemProxy section */
		52D8DF472E747338006CCD4D /* PBXContainerItemProxy */ = {
			isa = PBXContainerItemProxy;
			containerPortal = 52D8DF312E747335006CCD4D /* Project object */;
			proxyType = 1;
			remoteGlobalIDString = 52D8DF382E747335006CCD4D;
			remoteInfo = app2;
		};
		52D8DF512E747338006CCD4D /* PBXContainerItemProxy */ = {
			isa = PBXContainerItemProxy;
			containerPortal = 52D8DF312E747335006CCD4D /* Project object */;
			proxyType = 1;
			remoteGlobalIDString = 52D8DF382E747335006CCD4D;
			remoteInfo = app2;
		};
/* End PBXContainerItemProxy section */

/* Begin PBXFileReference section */
		52D8DF392E747335006CCD4D /* uiF1a.app */ = {isa = PBXFileReference; explicitFileType = wrapper.application; includeInIndex = 0; path = uiF1a.app; sourceTree = BUILT_PRODUCTS_DIR; };
		52D8DF462E747338006CCD4D /* uiF1aTests.xctest */ = {isa = PBXFileReference; explicitFileType = wrapper.cfbundle; includeInIndex = 0; path = uiF1aTests.xctest; sourceTree = BUILT_PRODUCTS_DIR; };
		52D8DF502E747338006CCD4D /* uiF1aUITests.xctest */ = {isa = PBXFileReference; explicitFileType = wrapper.cfbundle; includeInIndex = 0; path = uiF1aUITests.xctest; sourceTree = BUILT_PRODUCTS_DIR; };
		52D8DF672E747F16006CCD4D /* Formula1-Display-Regular.ttf */ = {isa = PBXFileReference; lastKnownFileType = file; path = "Formula1-Display-Regular.ttf"; sourceTree = "<group>"; };
		52D8DF692E786552006CCD4D /* Formula1-Display-Bold.ttf */ = {isa = PBXFileReference; lastKnownFileType = file; path = "Formula1-Display-Bold.ttf"; sourceTree = "<group>"; };
		52D8DF6B2E78658F006CCD4D /* Formula1-Display-Wide.ttf */ = {isa = PBXFileReference; lastKnownFileType = file; path = "Formula1-Display-Wide.ttf"; sourceTree = "<group>"; };
/* End PBXFileReference section */

/* Begin PBXFileSystemSynchronizedBuildFileExceptionSet section */
		52D8DF662E747C50006CCD4D /* Exceptions for "app2" folder in "uiF1a" target */ = {
			isa = PBXFileSystemSynchronizedBuildFileExceptionSet;
			membershipExceptions = (
				Info.plist,
			);
			target = 52D8DF382E747335006CCD4D /* uiF1a */;
		};
/* End PBXFileSystemSynchronizedBuildFileExceptionSet section */

/* Begin PBXFileSystemSynchronizedRootGroup section */
		52D8DF3B2E747335006CCD4D /* app2 */ = {
			isa = PBXFileSystemSynchronizedRootGroup;
			exceptions = (
				52D8DF662E747C50006CCD4D /* Exceptions for "app2" folder in "uiF1a" target */,
			);
			path = app2;
			sourceTree = "<group>";
		};
		52D8DF492E747338006CCD4D /* app2Tests */ = {
			isa = PBXFileSystemSynchronizedRootGroup;
			path = app2Tests;
			sourceTree = "<group>";
		};
		52D8DF532E747338006CCD4D /* app2UITests */ = {
			isa = PBXFileSystemSynchronizedRootGroup;
			path = app2UITests;
			sourceTree = "<group>";
		};
/* End PBXFileSystemSynchronizedRootGroup section */

/* Begin PBXFrameworksBuildPhase section */
		52D8DF362E747335006CCD4D /* Frameworks */ = {
			isa = PBXFrameworksBuildPhase;
			buildActionMask = 2147483647;
			files = (
				528138732E9AE8A200665E77 /* SwiftSoup in Frameworks */,
			);
			runOnlyForDeploymentPostprocessing = 0;
		};
		52D8DF432E747338006CCD4D /* Frameworks */ = {
			isa = PBXFrameworksBuildPhase;
			buildActionMask = 2147483647;
			files = (
			);
			runOnlyForDeploymentPostprocessing = 0;
		};
		52D8DF4D2E747338006CCD4D /* Frameworks */ = {
			isa = PBXFrameworksBuildPhase;
			buildActionMask = 2147483647;
			files = (
			);
			runOnlyForDeploymentPostprocessing = 0;
		};
/* End PBXFrameworksBuildPhase section */

/* Begin PBXGroup section */
		52D8DF302E747335006CCD4D = {
			isa = PBXGroup;
			children = (
				52D8DF6B2E78658F006CCD4D /* Formula1-Display-Wide.ttf */,
				52D8DF692E786552006CCD4D /* Formula1-Display-Bold.ttf */,
				52D8DF672E747F16006CCD4D /* Formula1-Display-Regular.ttf */,
				52D8DF3B2E747335006CCD4D /* app2 */,
				52D8DF492E747338006CCD4D /* app2Tests */,
				52D8DF532E747338006CCD4D /* app2UITests */,
				52D8DF3A2E747335006CCD4D /* Products */,
			);
			sourceTree = "<group>";
		};
		52D8DF3A2E747335006CCD4D /* Products */ = {
			isa = PBXGroup;
			children = (
				52D8DF392E747335006CCD4D /* uiF1a.app */,
				52D8DF462E747338006CCD4D /* uiF1aTests.xctest */,
				52D8DF502E747338006CCD4D /* uiF1aUITests.xctest */,
			);
			name = Products;
			sourceTree = "<group>";
		};
/* End PBXGroup section */

/* Begin PBXNativeTarget section */
		52D8DF382E747335006CCD4D /* uiF1a */ = {
			isa = PBXNativeTarget;
			buildConfigurationList = 52D8DF5A2E747338006CCD4D /* Build configuration list for PBXNativeTarget "uiF1a" */;
			buildPhases = (
				52D8DF352E747335006CCD4D /* Sources */,
				52D8DF362E747335006CCD4D /* Frameworks */,
				52D8DF372E747335006CCD4D /* Resources */,
			);
			buildRules = (
			);
			dependencies = (
			);
			fileSystemSynchronizedGroups = (
				52D8DF3B2E747335006CCD4D /* app2 */,
			);
			name = uiF1a;
			packageProductDependencies = (
				528138722E9AE8A200665E77 /* SwiftSoup */,
			);
			productName = app2;
			productReference = 52D8DF392E747335006CCD4D /* uiF1a.app */;
			productType = "com.apple.product-type.application";
		};
		52D8DF452E747338006CCD4D /* uiF1aTests */ = {
			isa = PBXNativeTarget;
			buildConfigurationList = 52D8DF5D2E747338006CCD4D /* Build configuration list for PBXNativeTarget "uiF1aTests" */;
			buildPhases = (
				52D8DF422E747338006CCD4D /* Sources */,
				52D8DF432E747338006CCD4D /* Frameworks */,
				52D8DF442E747338006CCD4D /* Resources */,
			);
			buildRules = (
			);
			dependencies = (
				52D8DF482E747338006CCD4D /* PBXTargetDependency */,
			);
			fileSystemSynchronizedGroups = (
				52D8DF492E747338006CCD4D /* app2Tests */,
			);
			name = uiF1aTests;
			packageProductDependencies = (
			);
			productName = app2Tests;
			productReference = 52D8DF462E747338006CCD4D /* uiF1aTests.xctest */;
			productType = "com.apple.product-type.bundle.unit-test";
		};
		52D8DF4F2E747338006CCD4D /* uiF1aUITests */ = {
			isa = PBXNativeTarget;
			buildConfigurationList = 52D8DF602E747338006CCD4D /* Build configuration list for PBXNativeTarget "uiF1aUITests" */;
			buildPhases = (
				52D8DF4C2E747338006CCD4D /* Sources */,
				52D8DF4D2E747338006CCD4D /* Frameworks */,
				52D8DF4E2E747338006CCD4D /* Resources */,
			);
			buildRules = (
			);
			dependencies = (
				52D8DF522E747338006CCD4D /* PBXTargetDependency */,
			);
			fileSystemSynchronizedGroups = (
				52D8DF532E747338006CCD4D /* app2UITests */,
			);
			name = uiF1aUITests;
			packageProductDependencies = (
			);
			productName = app2UITests;
			productReference = 52D8DF502E747338006CCD4D /* uiF1aUITests.xctest */;
			productType = "com.apple.product-type.bundle.ui-testing";
		};
/* End PBXNativeTarget section */

/* Begin PBXProject section */
		52D8DF312E747335006CCD4D /* Project object */ = {
			isa = PBXProject;
			attributes = {
				BuildIndependentTargetsInParallel = 1;
				LastSwiftUpdateCheck = 1640;
				LastUpgradeCheck = 2620;
				TargetAttributes = {
					52D8DF382E747335006CCD4D = {
						CreatedOnToolsVersion = 16.4;
					};
					52D8DF452E747338006CCD4D = {
						CreatedOnToolsVersion = 16.4;
						TestTargetID = 52D8DF382E747335006CCD4D;
					};
					52D8DF4F2E747338006CCD4D = {
						CreatedOnToolsVersion = 16.4;
						TestTargetID = 52D8DF382E747335006CCD4D;
					};
				};
			};
			buildConfigurationList = 52D8DF342E747335006CCD4D /* Build configuration list for PBXProject "uiF1a" */;
			developmentRegion = en;
			hasScannedForEncodings = 0;
			knownRegions = (
				en,
				Base,
			);
			mainGroup = 52D8DF302E747335006CCD4D;
			minimizedProjectReferenceProxies = 1;
			packageReferences = (
				528138712E9AE8A200665E77 /* XCRemoteSwiftPackageReference "SwiftSoup" */,
			);
			preferredProjectObjectVersion = 77;
			productRefGroup = 52D8DF3A2E747335006CCD4D /* Products */;
			projectDirPath = "";
			projectRoot = "";
			targets = (
				52D8DF382E747335006CCD4D /* uiF1a */,
				52D8DF452E747338006CCD4D /* uiF1aTests */,
				52D8DF4F2E747338006CCD4D /* uiF1aUITests */,
			);
		};
/* End PBXProject section */

/* Begin PBXResourcesBuildPhase section */
		52D8DF372E747335006CCD4D /* Resources */ = {
			isa = PBXResourcesBuildPhase;
			buildActionMask = 2147483647;
			files = (
				52D8DF6C2E78658F006CCD4D /* Formula1-Display-Wide.ttf in Resources */,
				52D8DF6A2E786552006CCD4D /* Formula1-Display-Bold.ttf in Resources */,
				52D8DF682E747F16006CCD4D /* Formula1-Display-Regular.ttf in Resources */,
			);
			runOnlyForDeploymentPostprocessing = 0;
		};
		52D8DF442E747338006CCD4D /* Resources */ = {
			isa = PBXResourcesBuildPhase;
			buildActionMask = 2147483647;
			files = (
			);
			runOnlyForDeploymentPostprocessing = 0;
		};
		52D8DF4E2E747338006CCD4D /* Resources */ = {
			isa = PBXResourcesBuildPhase;
			buildActionMask = 2147483647;
			files = (
			);
			runOnlyForDeploymentPostprocessing = 0;
		};
/* End PBXResourcesBuildPhase section */

/* Begin PBXSourcesBuildPhase section */
		52D8DF352E747335006CCD4D /* Sources */ = {
			isa = PBXSourcesBuildPhase;
			buildActionMask = 2147483647;
			files = (
			);
			runOnlyForDeploymentPostprocessing = 0;
		};
		52D8DF422E747338006CCD4D /* Sources */ = {
			isa = PBXSourcesBuildPhase;
			buildActionMask = 2147483647;
			files = (
			);
			runOnlyForDeploymentPostprocessing = 0;
		};
		52D8DF4C2E747338006CCD4D /* Sources */ = {
			isa = PBXSourcesBuildPhase;
			buildActionMask = 2147483647;
			files = (
			);
			runOnlyForDeploymentPostprocessing = 0;
		};
/* End PBXSourcesBuildPhase section */

/* Begin PBXTargetDependency section */
		52D8DF482E747338006CCD4D /* PBXTargetDependency */ = {
			isa = PBXTargetDependency;
			target = 52D8DF382E747335006CCD4D /* uiF1a */;
			targetProxy = 52D8DF472E747338006CCD4D /* PBXContainerItemProxy */;
		};
		52D8DF522E747338006CCD4D /* PBXTargetDependency */ = {
			isa = PBXTargetDependency;
			target = 52D8DF382E747335006CCD4D /* uiF1a */;
			targetProxy = 52D8DF512E747338006CCD4D /* PBXContainerItemProxy */;
		};
/* End PBXTargetDependency section */

/* Begin XCBuildConfiguration section */
		52D8DF582E747338006CCD4D /* Debug */ = {
			isa = XCBuildConfiguration;
			buildSettings = {
				ALWAYS_SEARCH_USER_PATHS = NO;
				ASSETCATALOG_COMPILER_GENERATE_SWIFT_ASSET_SYMBOL_EXTENSIONS = YES;
				CLANG_ANALYZER_NONNULL = YES;
				CLANG_ANALYZER_NUMBER_OBJECT_CONVERSION = YES_AGGRESSIVE;
				CLANG_CXX_LANGUAGE_STANDARD = "gnu++20";
				CLANG_ENABLE_MODULES = YES;
				CLANG_ENABLE_OBJC_ARC = YES;
				CLANG_ENABLE_OBJC_WEAK = YES;
				CLANG_WARN_BLOCK_CAPTURE_AUTORELEASING = YES;
				CLANG_WARN_BOOL_CONVERSION = YES;
				CLANG_WARN_COMMA = YES;
				CLANG_WARN_CONSTANT_CONVERSION = YES;
				CLANG_WARN_DEPRECATED_OBJC_IMPLEMENTATIONS = YES;
				CLANG_WARN_DIRECT_OBJC_ISA_USAGE = YES_ERROR;
				CLANG_WARN_DOCUMENTATION_COMMENTS = YES;
				CLANG_WARN_EMPTY_BODY = YES;
				CLANG_WARN_ENUM_CONVERSION = YES;
				CLANG_WARN_INFINITE_RECURSION = YES;
				CLANG_WARN_INT_CONVERSION = YES;
				CLANG_WARN_NON_LITERAL_NULL_CONVERSION = YES;
				CLANG_WARN_OBJC_IMPLICIT_RETAIN_SELF = YES;
				CLANG_WARN_OBJC_LITERAL_CONVERSION = YES;
				CLANG_WARN_OBJC_ROOT_CLASS = YES_ERROR;
				CLANG_WARN_QUOTED_INCLUDE_IN_FRAMEWORK_HEADER = YES;
				CLANG_WARN_RANGE_LOOP_ANALYSIS = YES;
				CLANG_WARN_STRICT_PROTOTYPES = YES;
				CLANG_WARN_SUSPICIOUS_MOVE = YES;
				CLANG_WARN_UNGUARDED_AVAILABILITY = YES_AGGRESSIVE;
				CLANG_WARN_UNREACHABLE_CODE = YES;
				CLANG_WARN__DUPLICATE_METHOD_MATCH = YES;
				COPY_PHASE_STRIP = NO;
				DEBUG_INFORMATION_FORMAT = dwarf;
				DEVELOPMENT_TEAM = 7K3Y7Y8WR6;
				ENABLE_STRICT_OBJC_MSGSEND = YES;
				ENABLE_TESTABILITY = YES;
				ENABLE_USER_SCRIPT_SANDBOXING = YES;
				GCC_C_LANGUAGE_STANDARD = gnu17;
				GCC_DYNAMIC_NO_PIC = NO;
				GCC_NO_COMMON_BLOCKS = YES;
				GCC_OPTIMIZATION_LEVEL = 0;
				GCC_PREPROCESSOR_DEFINITIONS = (
					"DEBUG=1",
					"$(inherited)",
				);
				GCC_WARN_64_TO_32_BIT_CONVERSION = YES;
				GCC_WARN_ABOUT_RETURN_TYPE = YES_ERROR;
				GCC_WARN_UNDECLARED_SELECTOR = YES;
				GCC_WARN_UNINITIALIZED_AUTOS = YES_AGGRESSIVE;
				GCC_WARN_UNUSED_FUNCTION = YES;
				GCC_WARN_UNUSED_VARIABLE = YES;
				IPHONEOS_DEPLOYMENT_TARGET = 18.5;
				LOCALIZATION_PREFERS_STRING_CATALOGS = YES;
				MTL_ENABLE_DEBUG_INFO = INCLUDE_SOURCE;
				MTL_FAST_MATH = YES;
				ONLY_ACTIVE_ARCH = YES;
				SDKROOT = iphoneos;
				STRING_CATALOG_GENERATE_SYMBOLS = YES;
				SWIFT_ACTIVE_COMPILATION_CONDITIONS = "DEBUG $(inherited)";
				SWIFT_OPTIMIZATION_LEVEL = "-Onone";
			};
			name = Debug;
		};
		52D8DF592E747338006CCD4D /* Release */ = {
			isa = XCBuildConfiguration;
			buildSettings = {
				ALWAYS_SEARCH_USER_PATHS = NO;
				ASSETCATALOG_COMPILER_GENERATE_SWIFT_ASSET_SYMBOL_EXTENSIONS = YES;
				CLANG_ANALYZER_NONNULL = YES;
				CLANG_ANALYZER_NUMBER_OBJECT_CONVERSION = YES_AGGRESSIVE;
				CLANG_CXX_LANGUAGE_STANDARD = "gnu++20";
				CLANG_ENABLE_MODULES = YES;
				CLANG_ENABLE_OBJC_ARC = YES;
				CLANG_ENABLE_OBJC_WEAK = YES;
				CLANG_WARN_BLOCK_CAPTURE_AUTORELEASING = YES;
				CLANG_WARN_BOOL_CONVERSION = YES;
				CLANG_WARN_COMMA = YES;
				CLANG_WARN_CONSTANT_CONVERSION = YES;
				CLANG_WARN_DEPRECATED_OBJC_IMPLEMENTATIONS = YES;
				CLANG_WARN_DIRECT_OBJC_ISA_USAGE = YES_ERROR;
				CLANG_WARN_DOCUMENTATION_COMMENTS = YES;
				CLANG_WARN_EMPTY_BODY = YES;
				CLANG_WARN_ENUM_CONVERSION = YES;
				CLANG_WARN_INFINITE_RECURSION = YES;
				CLANG_WARN_INT_CONVERSION = YES;
				CLANG_WARN_NON_LITERAL_NULL_CONVERSION = YES;
				CLANG_WARN_OBJC_IMPLICIT_RETAIN_SELF = YES;
				CLANG_WARN_OBJC_LITERAL_CONVERSION = YES;
				CLANG_WARN_OBJC_ROOT_CLASS = YES_ERROR;
				CLANG_WARN_QUOTED_INCLUDE_IN_FRAMEWORK_HEADER = YES;
				CLANG_WARN_RANGE_LOOP_ANALYSIS = YES;
				CLANG_WARN_STRICT_PROTOTYPES = YES;
				CLANG_WARN_SUSPICIOUS_MOVE = YES;
				CLANG_WARN_UNGUARDED_AVAILABILITY = YES_AGGRESSIVE;
				CLANG_WARN_UNREACHABLE_CODE = YES;
				CLANG_WARN__DUPLICATE_METHOD_MATCH = YES;
				COPY_PHASE_STRIP = NO;
				DEBUG_INFORMATION_FORMAT = "dwarf-with-dsym";
				DEVELOPMENT_TEAM = 7K3Y7Y8WR6;
				ENABLE_NS_ASSERTIONS = NO;
				ENABLE_STRICT_OBJC_MSGSEND = YES;
				ENABLE_USER_SCRIPT_SANDBOXING = YES;
				GCC_C_LANGUAGE_STANDARD = gnu17;
				GCC_NO_COMMON_BLOCKS = YES;
				GCC_WARN_64_TO_32_BIT_CONVERSION = YES;
				GCC_WARN_ABOUT_RETURN_TYPE = YES_ERROR;
				GCC_WARN_UNDECLARED_SELECTOR = YES;
				GCC_WARN_UNINITIALIZED_AUTOS = YES_AGGRESSIVE;
				GCC_WARN_UNUSED_FUNCTION = YES;
				GCC_WARN_UNUSED_VARIABLE = YES;
				IPHONEOS_DEPLOYMENT_TARGET = 18.5;
				LOCALIZATION_PREFERS_STRING_CATALOGS = YES;
				MTL_ENABLE_DEBUG_INFO = NO;
				MTL_FAST_MATH = YES;
				SDKROOT = iphoneos;
				STRING_CATALOG_GENERATE_SYMBOLS = YES;
				SWIFT_COMPILATION_MODE = wholemodule;
				VALIDATE_PRODUCT = YES;
			};
			name = Release;
		};
		52D8DF5B2E747338006CCD4D /* Debug */ = {
			isa = XCBuildConfiguration;
			buildSettings = {
				ASSETCATALOG_COMPILER_APPICON_NAME = apleconFANCY;
				ASSETCATALOG_COMPILER_GLOBAL_ACCENT_COLOR_NAME = AccentColor;
				CODE_SIGN_STYLE = Automatic;
				CURRENT_PROJECT_VERSION = 1;
				DEVELOPMENT_TEAM = 7K3Y7Y8WR6;
				ENABLE_PREVIEWS = YES;
				GENERATE_INFOPLIST_FILE = YES;
				INFOPLIST_FILE = app2/Info.plist;
				INFOPLIST_KEY_CFBundleDisplayName = "ui F1A";
				INFOPLIST_KEY_UIApplicationSceneManifest_Generation = YES;
				INFOPLIST_KEY_UIApplicationSupportsIndirectInputEvents = YES;
				INFOPLIST_KEY_UISupportedInterfaceOrientations_iPad = "UIInterfaceOrientationPortrait UIInterfaceOrientationPortraitUpsideDown UIInterfaceOrientationLandscapeLeft UIInterfaceOrientationLandscapeRight";
				INFOPLIST_KEY_UISupportedInterfaceOrientations_iPhone = "UIInterfaceOrientationPortrait UIInterfaceOrientationLandscapeLeft UIInterfaceOrientationLandscapeRight";
				LD_RUNPATH_SEARCH_PATHS = (
					"$(inherited)",
					"@executable_path/Frameworks",
				);
				MARKETING_VERSION = 1.0;
				PRODUCT_BUNDLE_IDENTIFIER = TY.app2;
				PRODUCT_NAME = "$(TARGET_NAME)";
				SWIFT_EMIT_LOC_STRINGS = YES;
				SWIFT_VERSION = 5.0;
				TARGETED_DEVICE_FAMILY = "1,2";
			};
			name = Debug;
		};
		52D8DF5C2E747338006CCD4D /* Release */ = {
			isa = XCBuildConfiguration;
			buildSettings = {
				ASSETCATALOG_COMPILER_APPICON_NAME = apleconFANCY;
				ASSETCATALOG_COMPILER_GLOBAL_ACCENT_COLOR_NAME = AccentColor;
				CODE_SIGN_STYLE = Automatic;
				CURRENT_PROJECT_VERSION = 1;
				DEVELOPMENT_TEAM = 7K3Y7Y8WR6;
				ENABLE_PREVIEWS = YES;
				GENERATE_INFOPLIST_FILE = YES;
				INFOPLIST_FILE = app2/Info.plist;
				INFOPLIST_KEY_CFBundleDisplayName = "ui F1A";
				INFOPLIST_KEY_UIApplicationSceneManifest_Generation = YES;
				INFOPLIST_KEY_UIApplicationSupportsIndirectInputEvents = YES;
				INFOPLIST_KEY_UISupportedInterfaceOrientations_iPad = "UIInterfaceOrientationPortrait UIInterfaceOrientationPortraitUpsideDown UIInterfaceOrientationLandscapeLeft UIInterfaceOrientationLandscapeRight";
				INFOPLIST_KEY_UISupportedInterfaceOrientations_iPhone = "UIInterfaceOrientationPortrait UIInterfaceOrientationLandscapeLeft UIInterfaceOrientationLandscapeRight";
				LD_RUNPATH_SEARCH_PATHS = (
					"$(inherited)",
					"@executable_path/Frameworks",
				);
				MARKETING_VERSION = 1.0;
				PRODUCT_BUNDLE_IDENTIFIER = TY.app2;
				PRODUCT_NAME = "$(TARGET_NAME)";
				SWIFT_EMIT_LOC_STRINGS = YES;
				SWIFT_VERSION = 5.0;
				TARGETED_DEVICE_FAMILY = "1,2";
			};
			name = Release;
		};
		52D8DF5E2E747338006CCD4D /* Debug */ = {
			isa = XCBuildConfiguration;
			buildSettings = {
				BUNDLE_LOADER = "$(TEST_HOST)";
				CODE_SIGN_STYLE = Automatic;
				CURRENT_PROJECT_VERSION = 1;
				DEVELOPMENT_TEAM = 7K3Y7Y8WR6;
				GENERATE_INFOPLIST_FILE = YES;
				IPHONEOS_DEPLOYMENT_TARGET = 18.5;
				MARKETING_VERSION = 1.0;
				PRODUCT_BUNDLE_IDENTIFIER = TY.app2Tests;
				PRODUCT_NAME = "$(TARGET_NAME)";
				SWIFT_EMIT_LOC_STRINGS = NO;
				SWIFT_VERSION = 5.0;
				TARGETED_DEVICE_FAMILY = "1,2";
				TEST_HOST = "$(BUILT_PRODUCTS_DIR)/uiF1a.app/$(BUNDLE_EXECUTABLE_FOLDER_PATH)/uiF1a";
			};
			name = Debug;
		};
		52D8DF5F2E747338006CCD4D /* Release */ = {
			isa = XCBuildConfiguration;
			buildSettings = {
				BUNDLE_LOADER = "$(TEST_HOST)";
				CODE_SIGN_STYLE = Automatic;
				CURRENT_PROJECT_VERSION = 1;
				DEVELOPMENT_TEAM = 7K3Y7Y8WR6;
				GENERATE_INFOPLIST_FILE = YES;
				IPHONEOS_DEPLOYMENT_TARGET = 18.5;
				MARKETING_VERSION = 1.0;
				PRODUCT_BUNDLE_IDENTIFIER = TY.app2Tests;
				PRODUCT_NAME = "$(TARGET_NAME)";
				SWIFT_EMIT_LOC_STRINGS = NO;
				SWIFT_VERSION = 5.0;
				TARGETED_DEVICE_FAMILY = "1,2";
				TEST_HOST = "$(BUILT_PRODUCTS_DIR)/uiF1a.app/$(BUNDLE_EXECUTABLE_FOLDER_PATH)/uiF1a";
			};
			name = Release;
		};
		52D8DF612E747338006CCD4D /* Debug */ = {
			isa = XCBuildConfiguration;
			buildSettings = {
				CODE_SIGN_STYLE = Automatic;
				CURRENT_PROJECT_VERSION = 1;
				DEVELOPMENT_TEAM = 7K3Y7Y8WR6;
				GENERATE_INFOPLIST_FILE = YES;
				MARKETING_VERSION = 1.0;
				PRODUCT_BUNDLE_IDENTIFIER = TY.app2UITests;
				PRODUCT_NAME = "$(TARGET_NAME)";
				SWIFT_EMIT_LOC_STRINGS = NO;
				SWIFT_VERSION = 5.0;
				TARGETED_DEVICE_FAMILY = "1,2";
				TEST_TARGET_NAME = app2;
			};
			name = Debug;
		};
		52D8DF622E747338006CCD4D /* Release */ = {
			isa = XCBuildConfiguration;
			buildSettings = {
				CODE_SIGN_STYLE = Automatic;
				CURRENT_PROJECT_VERSION = 1;
				DEVELOPMENT_TEAM = 7K3Y7Y8WR6;
				GENERATE_INFOPLIST_FILE = YES;
				MARKETING_VERSION = 1.0;
				PRODUCT_BUNDLE_IDENTIFIER = TY.app2UITests;
				PRODUCT_NAME = "$(TARGET_NAME)";
				SWIFT_EMIT_LOC_STRINGS = NO;
				SWIFT_VERSION = 5.0;
				TARGETED_DEVICE_FAMILY = "1,2";
				TEST_TARGET_NAME = app2;
			};
			name = Release;
		};
/* End XCBuildConfiguration section */

/* Begin XCConfigurationList section */
		52D8DF342E747335006CCD4D /* Build configuration list for PBXProject "uiF1a" */ = {
			isa = XCConfigurationList;
			buildConfigurations = (
				52D8DF582E747338006CCD4D /* Debug */,
				52D8DF592E747338006CCD4D /* Release */,
			);
			defaultConfigurationIsVisible = 0;
			defaultConfigurationName = Release;
		};
		52D8DF5A2E747338006CCD4D /* Build configuration list for PBXNativeTarget "uiF1a" */ = {
			isa = XCConfigurationList;
			buildConfigurations = (
				52D8DF5B2E747338006CCD4D /* Debug */,
				52D8DF5C2E747338006CCD4D /* Release */,
			);
			defaultConfigurationIsVisible = 0;
			defaultConfigurationName = Release;
		};
		52D8DF5D2E747338006CCD4D /* Build configuration list for PBXNativeTarget "uiF1aTests" */ = {
			isa = XCConfigurationList;
			buildConfigurations = (
				52D8DF5E2E747338006CCD4D /* Debug */,
				52D8DF5F2E747338006CCD4D /* Release */,
			);
			defaultConfigurationIsVisible = 0;
			defaultConfigurationName = Release;
		};
		52D8DF602E747338006CCD4D /* Build configuration list for PBXNativeTarget "uiF1aUITests" */ = {
			isa = XCConfigurationList;
			buildConfigurations = (
				52D8DF612E747338006CCD4D /* Debug */,
				52D8DF622E747338006CCD4D /* Release */,
			);
			defaultConfigurationIsVisible = 0;
			defaultConfigurationName = Release;
		};
/* End XCConfigurationList section */

/* Begin XCRemoteSwiftPackageReference section */
		528138712E9AE8A200665E77 /* XCRemoteSwiftPackageReference "SwiftSoup" */ = {
			isa = XCRemoteSwiftPackageReference;
			repositoryURL = "https://github.com/scinfu/SwiftSoup.git";
			requirement = {
				kind = upToNextMajorVersion;
				minimumVersion = 2.11.1;
			};
		};
/* End XCRemoteSwiftPackageReference section */

/* Begin XCSwiftPackageProductDependency section */
		528138722E9AE8A200665E77 /* SwiftSoup */ = {
			isa = XCSwiftPackageProductDependency;
			package = 528138712E9AE8A200665E77 /* XCRemoteSwiftPackageReference "SwiftSoup" */;
			productName = SwiftSoup;
		};
/* End XCSwiftPackageProductDependency section */
	};
	rootObject = 52D8DF312E747335006CCD4D /* Project object */;
}
